// !$*UTF8*$!
{
	archiveVersion = 1;
	classes = {
	};
	objectVersion = 46;
	objects = {

/* Begin PBXBuildFile section */
		321020BE1DDFE3AF00186AE5 /* MainViewController.swift in Sources */ = {isa = PBXBuildFile; fileRef = 321020BD1DDFE3AF00186AE5 /* MainViewController.swift */; };
		321020C01DDFE41700186AE5 /* EndViewController.swift in Sources */ = {isa = PBXBuildFile; fileRef = 321020BF1DDFE41700186AE5 /* EndViewController.swift */; };
		99D027931DDF3E91003DBD22 /* AppDelegate.swift in Sources */ = {isa = PBXBuildFile; fileRef = 99D027921DDF3E91003DBD22 /* AppDelegate.swift */; };
		99D027951DDF3E91003DBD22 /* ViewController.swift in Sources */ = {isa = PBXBuildFile; fileRef = 99D027941DDF3E91003DBD22 /* ViewController.swift */; };
		99D027981DDF3E91003DBD22 /* Main.storyboard in Resources */ = {isa = PBXBuildFile; fileRef = 99D027961DDF3E91003DBD22 /* Main.storyboard */; };
		99D0279B1DDF3E91003DBD22 /* TIME.xcdatamodeld in Sources */ = {isa = PBXBuildFile; fileRef = 99D027991DDF3E91003DBD22 /* TIME.xcdatamodeld */; };
		99D0279D1DDF3E91003DBD22 /* Assets.xcassets in Resources */ = {isa = PBXBuildFile; fileRef = 99D0279C1DDF3E91003DBD22 /* Assets.xcassets */; };
		99D027A01DDF3E91003DBD22 /* LaunchScreen.storyboard in Resources */ = {isa = PBXBuildFile; fileRef = 99D0279E1DDF3E91003DBD22 /* LaunchScreen.storyboard */; };
		99D027AB1DDF3E91003DBD22 /* TIMETests.swift in Sources */ = {isa = PBXBuildFile; fileRef = 99D027AA1DDF3E91003DBD22 /* TIMETests.swift */; };
		99D027B61DDF3E91003DBD22 /* TIMEUITests.swift in Sources */ = {isa = PBXBuildFile; fileRef = 99D027B51DDF3E91003DBD22 /* TIMEUITests.swift */; };
/* End PBXBuildFile section */

/* Begin PBXContainerItemProxy section */
		99D027A71DDF3E91003DBD22 /* PBXContainerItemProxy */ = {
			isa = PBXContainerItemProxy;
			containerPortal = 99D027871DDF3E91003DBD22 /* Project object */;
			proxyType = 1;
			remoteGlobalIDString = 99D0278E1DDF3E91003DBD22;
			remoteInfo = TIME;
		};
		99D027B21DDF3E91003DBD22 /* PBXContainerItemProxy */ = {
			isa = PBXContainerItemProxy;
			containerPortal = 99D027871DDF3E91003DBD22 /* Project object */;
			proxyType = 1;
			remoteGlobalIDString = 99D0278E1DDF3E91003DBD22;
			remoteInfo = TIME;
		};
/* End PBXContainerItemProxy section */

/* Begin PBXFileReference section */
		321020BD1DDFE3AF00186AE5 /* MainViewController.swift */ = {isa = PBXFileReference; fileEncoding = 4; lastKnownFileType = sourcecode.swift; path = MainViewController.swift; sourceTree = "<group>"; };
		321020BF1DDFE41700186AE5 /* EndViewController.swift */ = {isa = PBXFileReference; fileEncoding = 4; lastKnownFileType = sourcecode.swift; path = EndViewController.swift; sourceTree = "<group>"; };
		99D0278F1DDF3E91003DBD22 /* TIME.app */ = {isa = PBXFileReference; explicitFileType = wrapper.application; includeInIndex = 0; path = TIME.app; sourceTree = BUILT_PRODUCTS_DIR; };
		99D027921DDF3E91003DBD22 /* AppDelegate.swift */ = {isa = PBXFileReference; lastKnownFileType = sourcecode.swift; path = AppDelegate.swift; sourceTree = "<group>"; };
		99D027941DDF3E91003DBD22 /* ViewController.swift */ = {isa = PBXFileReference; lastKnownFileType = sourcecode.swift; path = ViewController.swift; sourceTree = "<group>"; };
		99D027971DDF3E91003DBD22 /* Base */ = {isa = PBXFileReference; lastKnownFileType = file.storyboard; name = Base; path = Base.lproj/Main.storyboard; sourceTree = "<group>"; };
		99D0279A1DDF3E91003DBD22 /* TIME.xcdatamodel */ = {isa = PBXFileReference; lastKnownFileType = wrapper.xcdatamodel; path = TIME.xcdatamodel; sourceTree = "<group>"; };
		99D0279C1DDF3E91003DBD22 /* Assets.xcassets */ = {isa = PBXFileReference; lastKnownFileType = folder.assetcatalog; path = Assets.xcassets; sourceTree = "<group>"; };
		99D0279F1DDF3E91003DBD22 /* Base */ = {isa = PBXFileReference; lastKnownFileType = file.storyboard; name = Base; path = Base.lproj/LaunchScreen.storyboard; sourceTree = "<group>"; };
		99D027A11DDF3E91003DBD22 /* Info.plist */ = {isa = PBXFileReference; lastKnownFileType = text.plist.xml; path = Info.plist; sourceTree = "<group>"; };
		99D027A61DDF3E91003DBD22 /* TIMETests.xctest */ = {isa = PBXFileReference; explicitFileType = wrapper.cfbundle; includeInIndex = 0; path = TIMETests.xctest; sourceTree = BUILT_PRODUCTS_DIR; };
		99D027AA1DDF3E91003DBD22 /* TIMETests.swift */ = {isa = PBXFileReference; lastKnownFileType = sourcecode.swift; path = TIMETests.swift; sourceTree = "<group>"; };
		99D027AC1DDF3E91003DBD22 /* Info.plist */ = {isa = PBXFileReference; lastKnownFileType = text.plist.xml; path = Info.plist; sourceTree = "<group>"; };
		99D027B11DDF3E91003DBD22 /* TIMEUITests.xctest */ = {isa = PBXFileReference; explicitFileType = wrapper.cfbundle; includeInIndex = 0; path = TIMEUITests.xctest; sourceTree = BUILT_PRODUCTS_DIR; };
		99D027B51DDF3E91003DBD22 /* TIMEUITests.swift */ = {isa = PBXFileReference; lastKnownFileType = sourcecode.swift; path = TIMEUITests.swift; sourceTree = "<group>"; };
		99D027B71DDF3E91003DBD22 /* Info.plist */ = {isa = PBXFileReference; lastKnownFileType = text.plist.xml; path = Info.plist; sourceTree = "<group>"; };
/* End PBXFileReference section */

/* Begin PBXFrameworksBuildPhase section */
		99D0278C1DDF3E91003DBD22 /* Frameworks */ = {
			isa = PBXFrameworksBuildPhase;
			buildActionMask = 2147483647;
			files = (
			);
			runOnlyForDeploymentPostprocessing = 0;
		};
		99D027A31DDF3E91003DBD22 /* Frameworks */ = {
			isa = PBXFrameworksBuildPhase;
			buildActionMask = 2147483647;
			files = (
			);
			runOnlyForDeploymentPostprocessing = 0;
		};
		99D027AE1DDF3E91003DBD22 /* Frameworks */ = {
			isa = PBXFrameworksBuildPhase;
			buildActionMask = 2147483647;
			files = (
			);
			runOnlyForDeploymentPostprocessing = 0;
		};
/* End PBXFrameworksBuildPhase section */

/* Begin PBXGroup section */
		99D027861DDF3E91003DBD22 = {
			isa = PBXGroup;
			children = (
				99D027911DDF3E91003DBD22 /* TIME */,
				99D027A91DDF3E91003DBD22 /* TIMETests */,
				99D027B41DDF3E91003DBD22 /* TIMEUITests */,
				99D027901DDF3E91003DBD22 /* Products */,
			);
			sourceTree = "<group>";
		};
		99D027901DDF3E91003DBD22 /* Products */ = {
			isa = PBXGroup;
			children = (
				99D0278F1DDF3E91003DBD22 /* TIME.app */,
				99D027A61DDF3E91003DBD22 /* TIMETests.xctest */,
				99D027B11DDF3E91003DBD22 /* TIMEUITests.xctest */,
			);
			name = Products;
			sourceTree = "<group>";
		};
		99D027911DDF3E91003DBD22 /* TIME */ = {
			isa = PBXGroup;
			children = (
				99D027921DDF3E91003DBD22 /* AppDelegate.swift */,
				99D027941DDF3E91003DBD22 /* ViewController.swift */,
				99D027961DDF3E91003DBD22 /* Main.storyboard */,
				321020BF1DDFE41700186AE5 /* EndViewController.swift */,
				321020BD1DDFE3AF00186AE5 /* MainViewController.swift */,
				99D0279C1DDF3E91003DBD22 /* Assets.xcassets */,
				99D0279E1DDF3E91003DBD22 /* LaunchScreen.storyboard */,
				99D027A11DDF3E91003DBD22 /* Info.plist */,
				99D027991DDF3E91003DBD22 /* TIME.xcdatamodeld */,
			);
			path = TIME;
			sourceTree = "<group>";
		};
		99D027A91DDF3E91003DBD22 /* TIMETests */ = {
			isa = PBXGroup;
			children = (
				99D027AA1DDF3E91003DBD22 /* TIMETests.swift */,
				99D027AC1DDF3E91003DBD22 /* Info.plist */,
			);
			path = TIMETests;
			sourceTree = "<group>";
		};
		99D027B41DDF3E91003DBD22 /* TIMEUITests */ = {
			isa = PBXGroup;
			children = (
				99D027B51DDF3E91003DBD22 /* TIMEUITests.swift */,
				99D027B71DDF3E91003DBD22 /* Info.plist */,
			);
			path = TIMEUITests;
			sourceTree = "<group>";
		};
/* End PBXGroup section */

/* Begin PBXNativeTarget section */
		99D0278E1DDF3E91003DBD22 /* TIME */ = {
			isa = PBXNativeTarget;
			buildConfigurationList = 99D027BA1DDF3E91003DBD22 /* Build configuration list for PBXNativeTarget "TIME" */;
			buildPhases = (
				99D0278B1DDF3E91003DBD22 /* Sources */,
				99D0278C1DDF3E91003DBD22 /* Frameworks */,
				99D0278D1DDF3E91003DBD22 /* Resources */,
			);
			buildRules = (
			);
			dependencies = (
			);
			name = TIME;
			productName = TIME;
			productReference = 99D0278F1DDF3E91003DBD22 /* TIME.app */;
			productType = "com.apple.product-type.application";
		};
		99D027A51DDF3E91003DBD22 /* TIMETests */ = {
			isa = PBXNativeTarget;
			buildConfigurationList = 99D027BD1DDF3E91003DBD22 /* Build configuration list for PBXNativeTarget "TIMETests" */;
			buildPhases = (
				99D027A21DDF3E91003DBD22 /* Sources */,
				99D027A31DDF3E91003DBD22 /* Frameworks */,
				99D027A41DDF3E91003DBD22 /* Resources */,
			);
			buildRules = (
			);
			dependencies = (
				99D027A81DDF3E91003DBD22 /* PBXTargetDependency */,
			);
			name = TIMETests;
			productName = TIMETests;
			productReference = 99D027A61DDF3E91003DBD22 /* TIMETests.xctest */;
			productType = "com.apple.product-type.bundle.unit-test";
		};
		99D027B01DDF3E91003DBD22 /* TIMEUITests */ = {
			isa = PBXNativeTarget;
			buildConfigurationList = 99D027C01DDF3E91003DBD22 /* Build configuration list for PBXNativeTarget "TIMEUITests" */;
			buildPhases = (
				99D027AD1DDF3E91003DBD22 /* Sources */,
				99D027AE1DDF3E91003DBD22 /* Frameworks */,
				99D027AF1DDF3E91003DBD22 /* Resources */,
			);
			buildRules = (
			);
			dependencies = (
				99D027B31DDF3E91003DBD22 /* PBXTargetDependency */,
			);
			name = TIMEUITests;
			productName = TIMEUITests;
			productReference = 99D027B11DDF3E91003DBD22 /* TIMEUITests.xctest */;
			productType = "com.apple.product-type.bundle.ui-testing";
		};
/* End PBXNativeTarget section */

/* Begin PBXProject section */
		99D027871DDF3E91003DBD22 /* Project object */ = {
			isa = PBXProject;
			attributes = {
				LastSwiftUpdateCheck = 0810;
				LastUpgradeCheck = 0810;
				ORGANIZATIONNAME = "阿部 拓磨";
				TargetAttributes = {
					99D0278E1DDF3E91003DBD22 = {
						CreatedOnToolsVersion = 8.1;
						DevelopmentTeam = KSUN9V96TU;
						ProvisioningStyle = Automatic;
					};
					99D027A51DDF3E91003DBD22 = {
						CreatedOnToolsVersion = 8.1;
						ProvisioningStyle = Automatic;
						TestTargetID = 99D0278E1DDF3E91003DBD22;
					};
					99D027B01DDF3E91003DBD22 = {
						CreatedOnToolsVersion = 8.1;
						ProvisioningStyle = Automatic;
						TestTargetID = 99D0278E1DDF3E91003DBD22;
					};
				};
			};
			buildConfigurationList = 99D0278A1DDF3E91003DBD22 /* Build configuration list for PBXProject "TIME" */;
			compatibilityVersion = "Xcode 3.2";
			developmentRegion = English;
			hasScannedForEncodings = 0;
			knownRegions = (
				en,
				Base,
			);
			mainGroup = 99D027861DDF3E91003DBD22;
			productRefGroup = 99D027901DDF3E91003DBD22 /* Products */;
			projectDirPath = "";
			projectRoot = "";
			targets = (
				99D0278E1DDF3E91003DBD22 /* TIME */,
				99D027A51DDF3E91003DBD22 /* TIMETests */,
				99D027B01DDF3E91003DBD22 /* TIMEUITests */,
			);
		};
/* End PBXProject section */

/* Begin PBXResourcesBuildPhase section */
		99D0278D1DDF3E91003DBD22 /* Resources */ = {
			isa = PBXResourcesBuildPhase;
			buildActionMask = 2147483647;
			files = (
				99D027A01DDF3E91003DBD22 /* LaunchScreen.storyboard in Resources */,
				99D0279D1DDF3E91003DBD22 /* Assets.xcassets in Resources */,
				99D027981DDF3E91003DBD22 /* Main.storyboard in Resources */,
			);
			runOnlyForDeploymentPostprocessing = 0;
		};
		99D027A41DDF3E91003DBD22 /* Resources */ = {
			isa = PBXResourcesBuildPhase;
			buildActionMask = 2147483647;
			files = (
			);
			runOnlyForDeploymentPostprocessing = 0;
		};
		99D027AF1DDF3E91003DBD22 /* Resources */ = {
			isa = PBXResourcesBuildPhase;
			buildActionMask = 2147483647;
			files = (
			);
			runOnlyForDeploymentPostprocessing = 0;
		};
/* End PBXResourcesBuildPhase section */

/* Begin PBXSourcesBuildPhase section */
		99D0278B1DDF3E91003DBD22 /* Sources */ = {
			isa = PBXSourcesBuildPhase;
			buildActionMask = 2147483647;
			files = (
				99D0279B1DDF3E91003DBD22 /* TIME.xcdatamodeld in Sources */,
				321020C01DDFE41700186AE5 /* EndViewController.swift in Sources */,
				99D027951DDF3E91003DBD22 /* ViewController.swift in Sources */,
				99D027931DDF3E91003DBD22 /* AppDelegate.swift in Sources */,
				321020BE1DDFE3AF00186AE5 /* MainViewController.swift in Sources */,
			);
			runOnlyForDeploymentPostprocessing = 0;
		};
		99D027A21DDF3E91003DBD22 /* Sources */ = {
			isa = PBXSourcesBuildPhase;
			buildActionMask = 2147483647;
			files = (
				99D027AB1DDF3E91003DBD22 /* TIMETests.swift in Sources */,
			);
			runOnlyForDeploymentPostprocessing = 0;
		};
		99D027AD1DDF3E91003DBD22 /* Sources */ = {
			isa = PBXSourcesBuildPhase;
			buildActionMask = 2147483647;
			files = (
				99D027B61DDF3E91003DBD22 /* TIMEUITests.swift in Sources */,
			);
			runOnlyForDeploymentPostprocessing = 0;
		};
/* End PBXSourcesBuildPhase section */

/* Begin PBXTargetDependency section */
		99D027A81DDF3E91003DBD22 /* PBXTargetDependency */ = {
			isa = PBXTargetDependency;
			target = 99D0278E1DDF3E91003DBD22 /* TIME */;
			targetProxy = 99D027A71DDF3E91003DBD22 /* PBXContainerItemProxy */;
		};
		99D027B31DDF3E91003DBD22 /* PBXTargetDependency */ = {
			isa = PBXTargetDependency;
			target = 99D0278E1DDF3E91003DBD22 /* TIME */;
			targetProxy = 99D027B21DDF3E91003DBD22 /* PBXContainerItemProxy */;
		};
/* End PBXTargetDependency section */

/* Begin PBXVariantGroup section */
		99D027961DDF3E91003DBD22 /* Main.storyboard */ = {
			isa = PBXVariantGroup;
			children = (
				99D027971DDF3E91003DBD22 /* Base */,
			);
			name = Main.storyboard;
			sourceTree = "<group>";
		};
		99D0279E1DDF3E91003DBD22 /* LaunchScreen.storyboard */ = {
			isa = PBXVariantGroup;
			children = (
				99D0279F1DDF3E91003DBD22 /* Base */,
			);
			name = LaunchScreen.storyboard;
			sourceTree = "<group>";
		};
/* End PBXVariantGroup section */

/* Begin XCBuildConfiguration section */
		99D027B81DDF3E91003DBD22 /* Debug */ = {
			isa = XCBuildConfiguration;
			buildSettings = {
				ALWAYS_SEARCH_USER_PATHS = NO;
				CLANG_ANALYZER_NONNULL = YES;
				CLANG_CXX_LANGUAGE_STANDARD = "gnu++0x";
				CLANG_CXX_LIBRARY = "libc++";
				CLANG_ENABLE_MODULES = YES;
				CLANG_ENABLE_OBJC_ARC = YES;
				CLANG_WARN_BOOL_CONVERSION = YES;
				CLANG_WARN_CONSTANT_CONVERSION = YES;
				CLANG_WARN_DIRECT_OBJC_ISA_USAGE = YES_ERROR;
				CLANG_WARN_DOCUMENTATION_COMMENTS = YES;
				CLANG_WARN_EMPTY_BODY = YES;
				CLANG_WARN_ENUM_CONVERSION = YES;
				CLANG_WARN_INFINITE_RECURSION = YES;
				CLANG_WARN_INT_CONVERSION = YES;
				CLANG_WARN_OBJC_ROOT_CLASS = YES_ERROR;
				CLANG_WARN_SUSPICIOUS_MOVES = YES;
				CLANG_WARN_UNREACHABLE_CODE = YES;
				CLANG_WARN__DUPLICATE_METHOD_MATCH = YES;
				"CODE_SIGN_IDENTITY[sdk=iphoneos*]" = "iPhone Developer";
				COPY_PHASE_STRIP = NO;
				DEBUG_INFORMATION_FORMAT = dwarf;
				ENABLE_STRICT_OBJC_MSGSEND = YES;
				ENABLE_TESTABILITY = YES;
				GCC_C_LANGUAGE_STANDARD = gnu99;
				GCC_DYNAMIC_NO_PIC = NO;
				GCC_NO_COMMON_BLOCKS = YES;
				GCC_OPTIMIZATION_LEVEL = 0;
				GCC_PREPROCESSOR_DEFINITIONS = (
					"DEBUG=1",
					"$(inherited)",
				);
				GCC_WARN_64_TO_32_BIT_CONVERSION = YES;
				GCC_WARN_ABOUT_RETURN_TYPE = YES_ERROR;
				GCC_WARN_UNDECLARED_SELECTOR = YES;
				GCC_WARN_UNINITIALIZED_AUTOS = YES_AGGRESSIVE;
				GCC_WARN_UNUSED_FUNCTION = YES;
				GCC_WARN_UNUSED_VARIABLE = YES;
				IPHONEOS_DEPLOYMENT_TARGET = 10.1;
				MTL_ENABLE_DEBUG_INFO = YES;
				ONLY_ACTIVE_ARCH = YES;
				SDKROOT = iphoneos;
				SWIFT_ACTIVE_COMPILATION_CONDITIONS = DEBUG;
				SWIFT_OPTIMIZATION_LEVEL = "-Onone";
			};
			name = Debug;
		};
		99D027B91DDF3E91003DBD22 /* Release */ = {
			isa = XCBuildConfiguration;
			buildSettings = {
				ALWAYS_SEARCH_USER_PATHS = NO;
				CLANG_ANALYZER_NONNULL = YES;
				CLANG_CXX_LANGUAGE_STANDARD = "gnu++0x";
				CLANG_CXX_LIBRARY = "libc++";
				CLANG_ENABLE_MODULES = YES;
				CLANG_ENABLE_OBJC_ARC = YES;
				CLANG_WARN_BOOL_CONVERSION = YES;
				CLANG_WARN_CONSTANT_CONVERSION = YES;
				CLANG_WARN_DIRECT_OBJC_ISA_USAGE = YES_ERROR;
				CLANG_WARN_DOCUMENTATION_COMMENTS = YES;
				CLANG_WARN_EMPTY_BODY = YES;
				CLANG_WARN_ENUM_CONVERSION = YES;
				CLANG_WARN_INFINITE_RECURSION = YES;
				CLANG_WARN_INT_CONVERSION = YES;
				CLANG_WARN_OBJC_ROOT_CLASS = YES_ERROR;
				CLANG_WARN_SUSPICIOUS_MOVES = YES;
				CLANG_WARN_UNREACHABLE_CODE = YES;
				CLANG_WARN__DUPLICATE_METHOD_MATCH = YES;
				"CODE_SIGN_IDENTITY[sdk=iphoneos*]" = "iPhone Developer";
				COPY_PHASE_STRIP = NO;
				DEBUG_INFORMATION_FORMAT = "dwarf-with-dsym";
				ENABLE_NS_ASSERTIONS = NO;
				ENABLE_STRICT_OBJC_MSGSEND = YES;
				GCC_C_LANGUAGE_STANDARD = gnu99;
				GCC_NO_COMMON_BLOCKS = YES;
				GCC_WARN_64_TO_32_BIT_CONVERSION = YES;
				GCC_WARN_ABOUT_RETURN_TYPE = YES_ERROR;
				GCC_WARN_UNDECLARED_SELECTOR = YES;
				GCC_WARN_UNINITIALIZED_AUTOS = YES_AGGRESSIVE;
				GCC_WARN_UNUSED_FUNCTION = YES;
				GCC_WARN_UNUSED_VARIABLE = YES;
				IPHONEOS_DEPLOYMENT_TARGET = 10.1;
				MTL_ENABLE_DEBUG_INFO = NO;
				SDKROOT = iphoneos;
				SWIFT_OPTIMIZATION_LEVEL = "-Owholemodule";
				VALIDATE_PRODUCT = YES;
			};
			name = Release;
		};
		99D027BB1DDF3E91003DBD22 /* Debug */ = {
			isa = XCBuildConfiguration;
			buildSettings = {
				ASSETCATALOG_COMPILER_APPICON_NAME = AppIcon;
				DEVELOPMENT_TEAM = KSUN9V96TU;
				INFOPLIST_FILE = TIME/Info.plist;
				LD_RUNPATH_SEARCH_PATHS = "$(inherited) @executable_path/Frameworks";
				PRODUCT_BUNDLE_IDENTIFIER = com.abe.TIME;
				PRODUCT_NAME = "$(TARGET_NAME)";
				SWIFT_VERSION = 3.0;
			};
			name = Debug;
		};
		99D027BC1DDF3E91003DBD22 /* Release */ = {
			isa = XCBuildConfiguration;
			buildSettings = {
				ASSETCATALOG_COMPILER_APPICON_NAME = AppIcon;
				DEVELOPMENT_TEAM = KSUN9V96TU;
				INFOPLIST_FILE = TIME/Info.plist;
				LD_RUNPATH_SEARCH_PATHS = "$(inherited) @executable_path/Frameworks";
				PRODUCT_BUNDLE_IDENTIFIER = com.abe.TIME;
				PRODUCT_NAME = "$(TARGET_NAME)";
				SWIFT_VERSION = 3.0;
			};
			name = Release;
		};
		99D027BE1DDF3E91003DBD22 /* Debug */ = {
			isa = XCBuildConfiguration;
			buildSettings = {
				ALWAYS_EMBED_SWIFT_STANDARD_LIBRARIES = YES;
				BUNDLE_LOADER = "$(TEST_HOST)";
				INFOPLIST_FILE = TIMETests/Info.plist;
				LD_RUNPATH_SEARCH_PATHS = "$(inherited) @executable_path/Frameworks @loader_path/Frameworks";
				PRODUCT_BUNDLE_IDENTIFIER = com.abe.TIMETests;
				PRODUCT_NAME = "$(TARGET_NAME)";
				SWIFT_VERSION = 3.0;
				TEST_HOST = "$(BUILT_PRODUCTS_DIR)/TIME.app/TIME";
			};
			name = Debug;
		};
		99D027BF1DDF3E91003DBD22 /* Release */ = {
			isa = XCBuildConfiguration;
			buildSettings = {
				ALWAYS_EMBED_SWIFT_STANDARD_LIBRARIES = YES;
				BUNDLE_LOADER = "$(TEST_HOST)";
				INFOPLIST_FILE = TIMETests/Info.plist;
				LD_RUNPATH_SEARCH_PATHS = "$(inherited) @executable_path/Frameworks @loader_path/Frameworks";
				PRODUCT_BUNDLE_IDENTIFIER = com.abe.TIMETests;
				PRODUCT_NAME = "$(TARGET_NAME)";
				SWIFT_VERSION = 3.0;
				TEST_HOST = "$(BUILT_PRODUCTS_DIR)/TIME.app/TIME";
			};
			name = Release;
		};
		99D027C11DDF3E91003DBD22 /* Debug */ = {
			isa = XCBuildConfiguration;
			buildSettings = {
				ALWAYS_EMBED_SWIFT_STANDARD_LIBRARIES = YES;
				INFOPLIST_FILE = TIMEUITests/Info.plist;
				LD_RUNPATH_SEARCH_PATHS = "$(inherited) @executable_path/Frameworks @loader_path/Frameworks";
				PRODUCT_BUNDLE_IDENTIFIER = com.abe.TIMEUITests;
				PRODUCT_NAME = "$(TARGET_NAME)";
				SWIFT_VERSION = 3.0;
				TEST_TARGET_NAME = TIME;
			};
			name = Debug;
		};
		99D027C21DDF3E91003DBD22 /* Release */ = {
			isa = XCBuildConfiguration;
			buildSettings = {
				ALWAYS_EMBED_SWIFT_STANDARD_LIBRARIES = YES;
				INFOPLIST_FILE = TIMEUITests/Info.plist;
				LD_RUNPATH_SEARCH_PATHS = "$(inherited) @executable_path/Frameworks @loader_path/Frameworks";
				PRODUCT_BUNDLE_IDENTIFIER = com.abe.TIMEUITests;
				PRODUCT_NAME = "$(TARGET_NAME)";
				SWIFT_VERSION = 3.0;
				TEST_TARGET_NAME = TIME;
			};
			name = Release;
		};
/* End XCBuildConfiguration section */

/* Begin XCConfigurationList section */
		99D0278A1DDF3E91003DBD22 /* Build configuration list for PBXProject "TIME" */ = {
			isa = XCConfigurationList;
			buildConfigurations = (
				99D027B81DDF3E91003DBD22 /* Debug */,
				99D027B91DDF3E91003DBD22 /* Release */,
			);
			defaultConfigurationIsVisible = 0;
			defaultConfigurationName = Release;
		};
		99D027BA1DDF3E91003DBD22 /* Build configuration list for PBXNativeTarget "TIME" */ = {
			isa = XCConfigurationList;
			buildConfigurations = (
				99D027BB1DDF3E91003DBD22 /* Debug */,
				99D027BC1DDF3E91003DBD22 /* Release */,
			);
			defaultConfigurationIsVisible = 0;
			defaultConfigurationName = Release;
		};
		99D027BD1DDF3E91003DBD22 /* Build configuration list for PBXNativeTarget "TIMETests" */ = {
			isa = XCConfigurationList;
			buildConfigurations = (
				99D027BE1DDF3E91003DBD22 /* Debug */,
				99D027BF1DDF3E91003DBD22 /* Release */,
			);
			defaultConfigurationIsVisible = 0;
			defaultConfigurationName = Release;
		};
		99D027C01DDF3E91003DBD22 /* Build configuration list for PBXNativeTarget "TIMEUITests" */ = {
			isa = XCConfigurationList;
			buildConfigurations = (
				99D027C11DDF3E91003DBD22 /* Debug */,
				99D027C21DDF3E91003DBD22 /* Release */,
			);
			defaultConfigurationIsVisible = 0;
			defaultConfigurationName = Release;
		};
/* End XCConfigurationList section */

/* Begin XCVersionGroup section */
		99D027991DDF3E91003DBD22 /* TIME.xcdatamodeld */ = {
			isa = XCVersionGroup;
			children = (
				99D0279A1DDF3E91003DBD22 /* TIME.xcdatamodel */,
			);
			currentVersion = 99D0279A1DDF3E91003DBD22 /* TIME.xcdatamodel */;
			path = TIME.xcdatamodeld;
			sourceTree = "<group>";
			versionGroupType = wrapper.xcdatamodel;
		};
/* End XCVersionGroup section */
	};
	rootObject = 99D027871DDF3E91003DBD22 /* Project object */;
}
